{
  "name": "audio-analyzer",
  "version": "1.0.0",
  "lockfileVersion": 1,
  "requires": true,
  "dependencies": {
    "@types/events": {
      "version": "3.0.0",
      "resolved": "https://registry.npmjs.org/@types/events/-/events-3.0.0.tgz",
      "integrity": "sha512-EaObqwIvayI5a8dCzhFrjKzVwKLxjoG9T6Ppd5CEo07LRKfQ8Yokw54r5+Wq7FaBQ+yXRvQAYPrHwya1/UFt9g==",
      "dev": true
    },
    "events": {
      "version": "3.2.0",
      "resolved": "https://registry.npmjs.org/events/-/events-3.2.0.tgz",
      "integrity": "sha512-/46HWwbfCX2xTawVfkKLGxMifJYQBWMwY1mjywRtb4c9x8l5NP3KoJtnIOiL1hfdRkIuYhETxQlo62IF8tcnlg=="
    },
    "pitchfinder": {
      "version": "2.3.1",
      "resolved": "https://registry.npmjs.org/pitchfinder/-/pitchfinder-2.3.1.tgz",
      "integrity": "sha512-lYZo2J9i6OV769VKGpeEpvotc7GSLS98iP8ZyRurhZZDIpyDt09dBG+Z4+amx8379pQ83AjI9Pde8//4R7Rc1Q=="
    }
  }
}
